
Microsoft Visual Studio Solution File, Format Version 12.00
# Visual Studio Version 17
VisualStudioVersion = 17.4.33213.308
MinimumVisualStudioVersion = 10.0.40219.1
Project("{FAE04EC0-301F-11D3-BF4B-00C04F79EFBC}") = "QRCodeCreater", "QRCodeCreater\QRCodeCreater.csproj", "{A27A3A80-7400-4E7F-9F6A-31FA519E1E3D}"
EndProject
Project("{54435603-DBB4-11D2-8724-00A0C9A8B90C}") = "QRCodeCreater-v1", "QRCodeCreater-v1\QRCodeCreater-v1.vdproj", "{3928AE5A-5415-4530-B5B4-BEB66A2C353A}"
EndProject
Global
	GlobalSection(SolutionConfigurationPlatforms) = preSolution
		Debug|Any CPU = Debug|Any CPU
		Release|Any CPU = Release|Any CPU
	EndGlobalSection
	GlobalSection(ProjectConfigurationPlatforms) = postSolution
		{A27A3A80-7400-4E7F-9F6A-31FA519E1E3D}.Debug|Any CPU.ActiveCfg = Debug|Any CPU
		{A27A3A80-7400-4E7F-9F6A-31FA519E1E3D}.Debug|Any CPU.Build.0 = Debug|Any CPU
		{A27A3A80-7400-4E7F-9F6A-31FA519E1E3D}.Release|Any CPU.ActiveCfg = Release|Any CPU
		{A27A3A80-7400-4E7F-9F6A-31FA519E1E3D}.Release|Any CPU.Build.0 = Release|Any CPU
		{3928AE5A-5415-4530-B5B4-BEB66A2C353A}.Debug|Any CPU.ActiveCfg = Debug
		{3928AE5A-5415-4530-B5B4-BEB66A2C353A}.Release|Any CPU.ActiveCfg = Release
	EndGlobalSection
	GlobalSection(SolutionProperties) = preSolution
		HideSolutionNode = FALSE
	EndGlobalSection
	GlobalSection(ExtensibilityGlobals) = postSolution
		SolutionGuid = {91FE25AD-6356-461A-9185-BEBBBB82B728}
	EndGlobalSection
EndGlobal
